
Microsoft Visual Studio Solution File, Format Version 12.00
# Visual Studio Version 17
VisualStudioVersion = 17.14.36616.10
MinimumVisualStudioVersion = 10.0.40219.1
Project("{FAE04EC0-301F-11D3-BF4B-00C04F79EFBC}") = "CourseManagement.Presentation", "LibarySystem.Presentation\CourseManagement.Presentation.csproj", "{3CA63C75-9C6E-42A0-9D6F-0ACA56519E4D}"
EndProject
Project("{FAE04EC0-301F-11D3-BF4B-00C04F79EFBC}") = "CourseManagement.Domain", "LibraySystem.Domein\CourseManagement.Domain.csproj", "{1EBF2F88-AF78-4333-A48A-C41EAD804482}"
EndProject
Project("{FAE04EC0-301F-11D3-BF4B-00C04F79EFBC}") = "CourseManagement.Repository", "LibrarySystem.Repository\CourseManagement.Repository.csproj", "{7330FC26-EB6C-41A2-82AC-EC2E42C1B494}"
EndProject
Project("{FAE04EC0-301F-11D3-BF4B-00C04F79EFBC}") = "CourseManagement.Service", "LibrarySystem.Service\CourseManagement.Service.csproj", "{1AA90048-315C-485A-93A4-39E604A4C121}"
EndProject
Global
	GlobalSection(SolutionConfigurationPlatforms) = preSolution
		Debug|Any CPU = Debug|Any CPU
		Release|Any CPU = Release|Any CPU
	EndGlobalSection
	GlobalSection(ProjectConfigurationPlatforms) = postSolution
		{3CA63C75-9C6E-42A0-9D6F-0ACA56519E4D}.Debug|Any CPU.ActiveCfg = Debug|Any CPU
		{3CA63C75-9C6E-42A0-9D6F-0ACA56519E4D}.Debug|Any CPU.Build.0 = Debug|Any CPU
		{3CA63C75-9C6E-42A0-9D6F-0ACA56519E4D}.Release|Any CPU.ActiveCfg = Release|Any CPU
		{3CA63C75-9C6E-42A0-9D6F-0ACA56519E4D}.Release|Any CPU.Build.0 = Release|Any CPU
		{1EBF2F88-AF78-4333-A48A-C41EAD804482}.Debug|Any CPU.ActiveCfg = Debug|Any CPU
		{1EBF2F88-AF78-4333-A48A-C41EAD804482}.Debug|Any CPU.Build.0 = Debug|Any CPU
		{1EBF2F88-AF78-4333-A48A-C41EAD804482}.Release|Any CPU.ActiveCfg = Release|Any CPU
		{1EBF2F88-AF78-4333-A48A-C41EAD804482}.Release|Any CPU.Build.0 = Release|Any CPU
		{7330FC26-EB6C-41A2-82AC-EC2E42C1B494}.Debug|Any CPU.ActiveCfg = Debug|Any CPU
		{7330FC26-EB6C-41A2-82AC-EC2E42C1B494}.Debug|Any CPU.Build.0 = Debug|Any CPU
		{7330FC26-EB6C-41A2-82AC-EC2E42C1B494}.Release|Any CPU.ActiveCfg = Release|Any CPU
		{7330FC26-EB6C-41A2-82AC-EC2E42C1B494}.Release|Any CPU.Build.0 = Release|Any CPU
		{1AA90048-315C-485A-93A4-39E604A4C121}.Debug|Any CPU.ActiveCfg = Debug|Any CPU
		{1AA90048-315C-485A-93A4-39E604A4C121}.Debug|Any CPU.Build.0 = Debug|Any CPU
		{1AA90048-315C-485A-93A4-39E604A4C121}.Release|Any CPU.ActiveCfg = Release|Any CPU
		{1AA90048-315C-485A-93A4-39E604A4C121}.Release|Any CPU.Build.0 = Release|Any CPU
	EndGlobalSection
	GlobalSection(SolutionProperties) = preSolution
		HideSolutionNode = FALSE
	EndGlobalSection
	GlobalSection(ExtensibilityGlobals) = postSolution
		SolutionGuid = {6DD1D894-7BB9-44B8-9820-829AF98E9C1A}
	EndGlobalSection
EndGlobal
